
Microsoft Visual Studio Solution File, Format Version 12.00
# Visual Studio Version 17
VisualStudioVersion = 17.2.32519.379
MinimumVisualStudioVersion = 10.0.40219.1
Project("{9A19103F-16F7-4668-BE54-9A1E7A4F7556}") = "MenuItemListing", "MenuItemListing\MenuItemListing.csproj", "{A295C9AD-1D18-4708-B172-DCB3E6F6DAB3}"
EndProject
Project("{9A19103F-16F7-4668-BE54-9A1E7A4F7556}") = "OrderItem", "..\OrderItem\OrderItem\OrderItem.csproj", "{D72BC3CB-24CC-47E9-80AB-FFE3CFEEFACF}"
EndProject
Global
	GlobalSection(SolutionConfigurationPlatforms) = preSolution
		Debug|Any CPU = Debug|Any CPU
		Release|Any CPU = Release|Any CPU
	EndGlobalSection
	GlobalSection(ProjectConfigurationPlatforms) = postSolution
		{A295C9AD-1D18-4708-B172-DCB3E6F6DAB3}.Debug|Any CPU.ActiveCfg = Debug|Any CPU
		{A295C9AD-1D18-4708-B172-DCB3E6F6DAB3}.Debug|Any CPU.Build.0 = Debug|Any CPU
		{A295C9AD-1D18-4708-B172-DCB3E6F6DAB3}.Release|Any CPU.ActiveCfg = Release|Any CPU
		{A295C9AD-1D18-4708-B172-DCB3E6F6DAB3}.Release|Any CPU.Build.0 = Release|Any CPU
		{D72BC3CB-24CC-47E9-80AB-FFE3CFEEFACF}.Debug|Any CPU.ActiveCfg = Debug|Any CPU
		{D72BC3CB-24CC-47E9-80AB-FFE3CFEEFACF}.Debug|Any CPU.Build.0 = Debug|Any CPU
		{D72BC3CB-24CC-47E9-80AB-FFE3CFEEFACF}.Release|Any CPU.ActiveCfg = Release|Any CPU
		{D72BC3CB-24CC-47E9-80AB-FFE3CFEEFACF}.Release|Any CPU.Build.0 = Release|Any CPU
	EndGlobalSection
	GlobalSection(SolutionProperties) = preSolution
		HideSolutionNode = FALSE
	EndGlobalSection
	GlobalSection(ExtensibilityGlobals) = postSolution
		SolutionGuid = {D1BAD78C-6D78-4D45-A0A3-076E694AF055}
	EndGlobalSection
EndGlobal
